
Microsoft Visual Studio Solution File, Format Version 12.00
# Visual Studio 2017
Project("{FAE04EC0-301F-11D3-BF4B-00C04F79EFBC}") = "Blob Detection.Plugins", "Blob Detection.Plugins.csproj", "{19ECA5D8-5BF3-D4A4-9CB2-207EA647F9FD}"
EndProject
Project("{FAE04EC0-301F-11D3-BF4B-00C04F79EFBC}") = "Blob Detection", "Blob Detection.csproj", "{C72ED2F1-5AA1-DA9C-518D-F1E27043E66F}"
EndProject
Project("{FAE04EC0-301F-11D3-BF4B-00C04F79EFBC}") = "Blob Detection.Editor.Plugins", "Blob Detection.Editor.Plugins.csproj", "{4A867AA1-650F-1A23-2C24-BCAE968A5092}"
EndProject
Global
	GlobalSection(SolutionConfigurationPlatforms) = preSolution
		Debug|Any CPU = Debug|Any CPU
		Release|Any CPU = Release|Any CPU
	EndGlobalSection
	GlobalSection(ProjectConfigurationPlatforms) = postSolution
		{19ECA5D8-5BF3-D4A4-9CB2-207EA647F9FD}.Debug|Any CPU.ActiveCfg = Debug|Any CPU
		{19ECA5D8-5BF3-D4A4-9CB2-207EA647F9FD}.Debug|Any CPU.Build.0 = Debug|Any CPU
		{19ECA5D8-5BF3-D4A4-9CB2-207EA647F9FD}.Release|Any CPU.ActiveCfg = Release|Any CPU
		{19ECA5D8-5BF3-D4A4-9CB2-207EA647F9FD}.Release|Any CPU.Build.0 = Release|Any CPU
		{C72ED2F1-5AA1-DA9C-518D-F1E27043E66F}.Debug|Any CPU.ActiveCfg = Debug|Any CPU
		{C72ED2F1-5AA1-DA9C-518D-F1E27043E66F}.Debug|Any CPU.Build.0 = Debug|Any CPU
		{C72ED2F1-5AA1-DA9C-518D-F1E27043E66F}.Release|Any CPU.ActiveCfg = Release|Any CPU
		{C72ED2F1-5AA1-DA9C-518D-F1E27043E66F}.Release|Any CPU.Build.0 = Release|Any CPU
		{4A867AA1-650F-1A23-2C24-BCAE968A5092}.Debug|Any CPU.ActiveCfg = Debug|Any CPU
		{4A867AA1-650F-1A23-2C24-BCAE968A5092}.Debug|Any CPU.Build.0 = Debug|Any CPU
		{4A867AA1-650F-1A23-2C24-BCAE968A5092}.Release|Any CPU.ActiveCfg = Release|Any CPU
		{4A867AA1-650F-1A23-2C24-BCAE968A5092}.Release|Any CPU.Build.0 = Release|Any CPU
	EndGlobalSection
	GlobalSection(SolutionProperties) = preSolution
		HideSolutionNode = FALSE
	EndGlobalSection
EndGlobal
